
Microsoft Visual Studio Solution File, Format Version 12.00
# Visual Studio Version 17
VisualStudioVersion = 17.2.32519.379
MinimumVisualStudioVersion = 10.0.40219.1
Project("{FAE04EC0-301F-11D3-BF4B-00C04F79EFBC}") = "Benchmark", "Benchmark.csproj", "{02841DED-47ED-4EC5-800F-511DB34C95D2}"
EndProject
Global
	GlobalSection(SolutionConfigurationPlatforms) = preSolution
		Debug|Any CPU = Debug|Any CPU
		Release|Any CPU = Release|Any CPU
	EndGlobalSection
	GlobalSection(ProjectConfigurationPlatforms) = postSolution
		{02841DED-47ED-4EC5-800F-511DB34C95D2}.Debug|Any CPU.ActiveCfg = Debug|Any CPU
		{02841DED-47ED-4EC5-800F-511DB34C95D2}.Debug|Any CPU.Build.0 = Debug|Any CPU
		{02841DED-47ED-4EC5-800F-511DB34C95D2}.Release|Any CPU.ActiveCfg = Release|Any CPU
		{02841DED-47ED-4EC5-800F-511DB34C95D2}.Release|Any CPU.Build.0 = Release|Any CPU
	EndGlobalSection
	GlobalSection(SolutionProperties) = preSolution
		HideSolutionNode = FALSE
	EndGlobalSection
	GlobalSection(ExtensibilityGlobals) = postSolution
		SolutionGuid = {A280B737-6126-4B04-BA2B-F499943D8CFF}
	EndGlobalSection
EndGlobal
